
Microsoft Visual Studio Solution File, Format Version 12.00
# Visual Studio 15
VisualStudioVersion = 15.0.28307.645
MinimumVisualStudioVersion = 10.0.40219.1
Project("{FAE04EC0-301F-11D3-BF4B-00C04F79EFBC}") = "SLLCreation", "ConsoleApp1\SLLCreation.csproj", "{9C486314-AFB3-4123-A25C-905D08A01F0E}"
EndProject
Project("{FAE04EC0-301F-11D3-BF4B-00C04F79EFBC}") = "SLL2", "SLL2\SLL2.csproj", "{2ABF1AFB-0FED-4BBC-9BD3-A1B6585FAA54}"
EndProject
Project("{FAE04EC0-301F-11D3-BF4B-00C04F79EFBC}") = "Day2", "Day2\Day2.csproj", "{361C7674-3874-4F6B-9221-9A76DE2C269B}"
EndProject
Project("{FAE04EC0-301F-11D3-BF4B-00C04F79EFBC}") = "Day3", "Day3\Day3.csproj", "{5EE3D228-4992-41CB-B31C-9448F7EE87CF}"
EndProject
Project("{FAE04EC0-301F-11D3-BF4B-00C04F79EFBC}") = "ReverseLinkedList", "ReverseLinkedList\ReverseLinkedList.csproj", "{95586BA8-C8BC-4A52-AB58-0C7DE5605A37}"
EndProject
Project("{FAE04EC0-301F-11D3-BF4B-00C04F79EFBC}") = "Reverse1", "Reverse1\Reverse1.csproj", "{34667B95-000A-484E-AA4F-FB5EC9C9F86B}"
EndProject
Project("{FAE04EC0-301F-11D3-BF4B-00C04F79EFBC}") = "Reverse2", "Reverse2\Reverse2.csproj", "{69C59F54-C0F7-4F5D-B972-E8FE32F9E67A}"
EndProject
Project("{FAE04EC0-301F-11D3-BF4B-00C04F79EFBC}") = "Detect_Loop", "Detect_Loop\Detect_Loop.csproj", "{E5B76D4E-591D-4FD7-8659-E74D339887AF}"
EndProject
Project("{FAE04EC0-301F-11D3-BF4B-00C04F79EFBC}") = "PairwiseSwap", "PairwiseSwap\PairwiseSwap.csproj", "{E0225597-645A-4098-A02B-9F646A0D7064}"
EndProject
Project("{FAE04EC0-301F-11D3-BF4B-00C04F79EFBC}") = "SwapLinks", "SwapLinks\SwapLinks.csproj", "{CE3238F2-67BD-46BA-ADC8-0FDAD1851072}"
EndProject
Project("{FAE04EC0-301F-11D3-BF4B-00C04F79EFBC}") = "MoveLastToFront", "MoveLastToFront\MoveLastToFront.csproj", "{A9A023E1-CAF9-4CF8-B59E-1848B106C5E6}"
EndProject
Project("{FAE04EC0-301F-11D3-BF4B-00C04F79EFBC}") = "ReverseList", "ReverseList\ReverseList.csproj", "{838B7384-F635-4DC5-80D1-756978A54E7E}"
EndProject
Global
	GlobalSection(SolutionConfigurationPlatforms) = preSolution
		Debug|Any CPU = Debug|Any CPU
		Release|Any CPU = Release|Any CPU
	EndGlobalSection
	GlobalSection(ProjectConfigurationPlatforms) = postSolution
		{9C486314-AFB3-4123-A25C-905D08A01F0E}.Debug|Any CPU.ActiveCfg = Debug|Any CPU
		{9C486314-AFB3-4123-A25C-905D08A01F0E}.Debug|Any CPU.Build.0 = Debug|Any CPU
		{9C486314-AFB3-4123-A25C-905D08A01F0E}.Release|Any CPU.ActiveCfg = Release|Any CPU
		{9C486314-AFB3-4123-A25C-905D08A01F0E}.Release|Any CPU.Build.0 = Release|Any CPU
		{2ABF1AFB-0FED-4BBC-9BD3-A1B6585FAA54}.Debug|Any CPU.ActiveCfg = Debug|Any CPU
		{2ABF1AFB-0FED-4BBC-9BD3-A1B6585FAA54}.Debug|Any CPU.Build.0 = Debug|Any CPU
		{2ABF1AFB-0FED-4BBC-9BD3-A1B6585FAA54}.Release|Any CPU.ActiveCfg = Release|Any CPU
		{2ABF1AFB-0FED-4BBC-9BD3-A1B6585FAA54}.Release|Any CPU.Build.0 = Release|Any CPU
		{361C7674-3874-4F6B-9221-9A76DE2C269B}.Debug|Any CPU.ActiveCfg = Debug|Any CPU
		{361C7674-3874-4F6B-9221-9A76DE2C269B}.Debug|Any CPU.Build.0 = Debug|Any CPU
		{361C7674-3874-4F6B-9221-9A76DE2C269B}.Release|Any CPU.ActiveCfg = Release|Any CPU
		{361C7674-3874-4F6B-9221-9A76DE2C269B}.Release|Any CPU.Build.0 = Release|Any CPU
		{5EE3D228-4992-41CB-B31C-9448F7EE87CF}.Debug|Any CPU.ActiveCfg = Debug|Any CPU
		{5EE3D228-4992-41CB-B31C-9448F7EE87CF}.Debug|Any CPU.Build.0 = Debug|Any CPU
		{5EE3D228-4992-41CB-B31C-9448F7EE87CF}.Release|Any CPU.ActiveCfg = Release|Any CPU
		{5EE3D228-4992-41CB-B31C-9448F7EE87CF}.Release|Any CPU.Build.0 = Release|Any CPU
		{95586BA8-C8BC-4A52-AB58-0C7DE5605A37}.Debug|Any CPU.ActiveCfg = Debug|Any CPU
		{95586BA8-C8BC-4A52-AB58-0C7DE5605A37}.Debug|Any CPU.Build.0 = Debug|Any CPU
		{95586BA8-C8BC-4A52-AB58-0C7DE5605A37}.Release|Any CPU.ActiveCfg = Release|Any CPU
		{95586BA8-C8BC-4A52-AB58-0C7DE5605A37}.Release|Any CPU.Build.0 = Release|Any CPU
		{34667B95-000A-484E-AA4F-FB5EC9C9F86B}.Debug|Any CPU.ActiveCfg = Debug|Any CPU
		{34667B95-000A-484E-AA4F-FB5EC9C9F86B}.Debug|Any CPU.Build.0 = Debug|Any CPU
		{34667B95-000A-484E-AA4F-FB5EC9C9F86B}.Release|Any CPU.ActiveCfg = Release|Any CPU
		{34667B95-000A-484E-AA4F-FB5EC9C9F86B}.Release|Any CPU.Build.0 = Release|Any CPU
		{69C59F54-C0F7-4F5D-B972-E8FE32F9E67A}.Debug|Any CPU.ActiveCfg = Debug|Any CPU
		{69C59F54-C0F7-4F5D-B972-E8FE32F9E67A}.Debug|Any CPU.Build.0 = Debug|Any CPU
		{69C59F54-C0F7-4F5D-B972-E8FE32F9E67A}.Release|Any CPU.ActiveCfg = Release|Any CPU
		{69C59F54-C0F7-4F5D-B972-E8FE32F9E67A}.Release|Any CPU.Build.0 = Release|Any CPU
		{E5B76D4E-591D-4FD7-8659-E74D339887AF}.Debug|Any CPU.ActiveCfg = Debug|Any CPU
		{E5B76D4E-591D-4FD7-8659-E74D339887AF}.Debug|Any CPU.Build.0 = Debug|Any CPU
		{E5B76D4E-591D-4FD7-8659-E74D339887AF}.Release|Any CPU.ActiveCfg = Release|Any CPU
		{E5B76D4E-591D-4FD7-8659-E74D339887AF}.Release|Any CPU.Build.0 = Release|Any CPU
		{E0225597-645A-4098-A02B-9F646A0D7064}.Debug|Any CPU.ActiveCfg = Debug|Any CPU
		{E0225597-645A-4098-A02B-9F646A0D7064}.Debug|Any CPU.Build.0 = Debug|Any CPU
		{E0225597-645A-4098-A02B-9F646A0D7064}.Release|Any CPU.ActiveCfg = Release|Any CPU
		{E0225597-645A-4098-A02B-9F646A0D7064}.Release|Any CPU.Build.0 = Release|Any CPU
		{CE3238F2-67BD-46BA-ADC8-0FDAD1851072}.Debug|Any CPU.ActiveCfg = Debug|Any CPU
		{CE3238F2-67BD-46BA-ADC8-0FDAD1851072}.Debug|Any CPU.Build.0 = Debug|Any CPU
		{CE3238F2-67BD-46BA-ADC8-0FDAD1851072}.Release|Any CPU.ActiveCfg = Release|Any CPU
		{CE3238F2-67BD-46BA-ADC8-0FDAD1851072}.Release|Any CPU.Build.0 = Release|Any CPU
		{A9A023E1-CAF9-4CF8-B59E-1848B106C5E6}.Debug|Any CPU.ActiveCfg = Debug|Any CPU
		{A9A023E1-CAF9-4CF8-B59E-1848B106C5E6}.Debug|Any CPU.Build.0 = Debug|Any CPU
		{A9A023E1-CAF9-4CF8-B59E-1848B106C5E6}.Release|Any CPU.ActiveCfg = Release|Any CPU
		{A9A023E1-CAF9-4CF8-B59E-1848B106C5E6}.Release|Any CPU.Build.0 = Release|Any CPU
		{838B7384-F635-4DC5-80D1-756978A54E7E}.Debug|Any CPU.ActiveCfg = Debug|Any CPU
		{838B7384-F635-4DC5-80D1-756978A54E7E}.Debug|Any CPU.Build.0 = Debug|Any CPU
		{838B7384-F635-4DC5-80D1-756978A54E7E}.Release|Any CPU.ActiveCfg = Release|Any CPU
		{838B7384-F635-4DC5-80D1-756978A54E7E}.Release|Any CPU.Build.0 = Release|Any CPU
	EndGlobalSection
	GlobalSection(SolutionProperties) = preSolution
		HideSolutionNode = FALSE
	EndGlobalSection
	GlobalSection(ExtensibilityGlobals) = postSolution
		SolutionGuid = {8116E0DB-D69F-4F41-9717-0C70CABA4A58}
	EndGlobalSection
EndGlobal
